
Microsoft Visual Studio Solution File, Format Version 12.00
# Visual Studio Version 17
VisualStudioVersion = 17.3.32922.545
MinimumVisualStudioVersion = 10.0.40219.1
Project("{FAE04EC0-301F-11D3-BF4B-00C04F79EFBC}") = "Habit Logger", "Habit Logger\Habit Logger.csproj", "{2AB3868D-CCA2-430A-9CE9-2E56140A28D4}"
EndProject
Global
	GlobalSection(SolutionConfigurationPlatforms) = preSolution
		Debug|Any CPU = Debug|Any CPU
		Release|Any CPU = Release|Any CPU
	EndGlobalSection
	GlobalSection(ProjectConfigurationPlatforms) = postSolution
		{2AB3868D-CCA2-430A-9CE9-2E56140A28D4}.Debug|Any CPU.ActiveCfg = Debug|Any CPU
		{2AB3868D-CCA2-430A-9CE9-2E56140A28D4}.Debug|Any CPU.Build.0 = Debug|Any CPU
		{2AB3868D-CCA2-430A-9CE9-2E56140A28D4}.Release|Any CPU.ActiveCfg = Release|Any CPU
		{2AB3868D-CCA2-430A-9CE9-2E56140A28D4}.Release|Any CPU.Build.0 = Release|Any CPU
	EndGlobalSection
	GlobalSection(SolutionProperties) = preSolution
		HideSolutionNode = FALSE
	EndGlobalSection
	GlobalSection(ExtensibilityGlobals) = postSolution
		SolutionGuid = {CF1EC23C-4F6B-4BAE-BF00-9D7852188E25}
	EndGlobalSection
EndGlobal
